
Microsoft Visual Studio Solution File, Format Version 12.00
# Visual Studio Version 16
VisualStudioVersion = 16.0.30309.148
MinimumVisualStudioVersion = 10.0.40219.1
Project("{FAE04EC0-301F-11D3-BF4B-00C04F79EFBC}") = "AverageSalary", "AverageSalary\AverageSalary.csproj", "{FE6D9B1C-AB73-45B8-97B6-BA2AA7A27979}"
EndProject
Global
	GlobalSection(SolutionConfigurationPlatforms) = preSolution
		Debug|Any CPU = Debug|Any CPU
		Release|Any CPU = Release|Any CPU
	EndGlobalSection
	GlobalSection(ProjectConfigurationPlatforms) = postSolution
		{FE6D9B1C-AB73-45B8-97B6-BA2AA7A27979}.Debug|Any CPU.ActiveCfg = Debug|Any CPU
		{FE6D9B1C-AB73-45B8-97B6-BA2AA7A27979}.Debug|Any CPU.Build.0 = Debug|Any CPU
		{FE6D9B1C-AB73-45B8-97B6-BA2AA7A27979}.Release|Any CPU.ActiveCfg = Release|Any CPU
		{FE6D9B1C-AB73-45B8-97B6-BA2AA7A27979}.Release|Any CPU.Build.0 = Release|Any CPU
	EndGlobalSection
	GlobalSection(SolutionProperties) = preSolution
		HideSolutionNode = FALSE
	EndGlobalSection
	GlobalSection(ExtensibilityGlobals) = postSolution
		SolutionGuid = {9AD5DC04-DBB0-4386-862F-059691B5C3BB}
	EndGlobalSection
EndGlobal
