
Microsoft Visual Studio Solution File, Format Version 12.00
# Visual Studio Version 16
VisualStudioVersion = 16.0.30907.101
MinimumVisualStudioVersion = 10.0.40219.1
Project("{FAE04EC0-301F-11D3-BF4B-00C04F79EFBC}") = "HerancaPolimorfismo_ExProp2", "HerancaPolimorfismo_ExProp2.csproj", "{697A06C0-9F18-4360-81DC-1D03E3431A42}"
EndProject
Global
	GlobalSection(SolutionConfigurationPlatforms) = preSolution
		Debug|Any CPU = Debug|Any CPU
		Release|Any CPU = Release|Any CPU
	EndGlobalSection
	GlobalSection(ProjectConfigurationPlatforms) = postSolution
		{697A06C0-9F18-4360-81DC-1D03E3431A42}.Debug|Any CPU.ActiveCfg = Debug|Any CPU
		{697A06C0-9F18-4360-81DC-1D03E3431A42}.Debug|Any CPU.Build.0 = Debug|Any CPU
		{697A06C0-9F18-4360-81DC-1D03E3431A42}.Release|Any CPU.ActiveCfg = Release|Any CPU
		{697A06C0-9F18-4360-81DC-1D03E3431A42}.Release|Any CPU.Build.0 = Release|Any CPU
	EndGlobalSection
	GlobalSection(SolutionProperties) = preSolution
		HideSolutionNode = FALSE
	EndGlobalSection
	GlobalSection(ExtensibilityGlobals) = postSolution
		SolutionGuid = {211C4516-C41F-481F-8664-75E39E6712BE}
	EndGlobalSection
EndGlobal
