
Microsoft Visual Studio Solution File, Format Version 12.00
# Visual Studio Version 16
VisualStudioVersion = 16.0.30309.148
MinimumVisualStudioVersion = 10.0.40219.1
Project("{FAE04EC0-301F-11D3-BF4B-00C04F79EFBC}") = "AreaTriangulo", "AreaTriangulo\AreaTriangulo.csproj", "{2C85CAF9-9079-4DF7-A247-D7B4673E1771}"
EndProject
Global
	GlobalSection(SolutionConfigurationPlatforms) = preSolution
		Debug|Any CPU = Debug|Any CPU
		Release|Any CPU = Release|Any CPU
	EndGlobalSection
	GlobalSection(ProjectConfigurationPlatforms) = postSolution
		{2C85CAF9-9079-4DF7-A247-D7B4673E1771}.Debug|Any CPU.ActiveCfg = Debug|Any CPU
		{2C85CAF9-9079-4DF7-A247-D7B4673E1771}.Debug|Any CPU.Build.0 = Debug|Any CPU
		{2C85CAF9-9079-4DF7-A247-D7B4673E1771}.Release|Any CPU.ActiveCfg = Release|Any CPU
		{2C85CAF9-9079-4DF7-A247-D7B4673E1771}.Release|Any CPU.Build.0 = Release|Any CPU
	EndGlobalSection
	GlobalSection(SolutionProperties) = preSolution
		HideSolutionNode = FALSE
	EndGlobalSection
	GlobalSection(ExtensibilityGlobals) = postSolution
		SolutionGuid = {8F9731E0-368A-4CF2-B71E-17F2199F8C48}
	EndGlobalSection
EndGlobal
