
Microsoft Visual Studio Solution File, Format Version 12.00
# Visual Studio Version 16
VisualStudioVersion = 16.0.30907.101
MinimumVisualStudioVersion = 10.0.40219.1
Project("{FAE04EC0-301F-11D3-BF4B-00C04F79EFBC}") = "Matrix1", "Matrix1.csproj", "{F92847A1-C239-46EF-9C78-F1A690220E85}"
EndProject
Global
	GlobalSection(SolutionConfigurationPlatforms) = preSolution
		Debug|Any CPU = Debug|Any CPU
		Release|Any CPU = Release|Any CPU
	EndGlobalSection
	GlobalSection(ProjectConfigurationPlatforms) = postSolution
		{F92847A1-C239-46EF-9C78-F1A690220E85}.Debug|Any CPU.ActiveCfg = Debug|Any CPU
		{F92847A1-C239-46EF-9C78-F1A690220E85}.Debug|Any CPU.Build.0 = Debug|Any CPU
		{F92847A1-C239-46EF-9C78-F1A690220E85}.Release|Any CPU.ActiveCfg = Release|Any CPU
		{F92847A1-C239-46EF-9C78-F1A690220E85}.Release|Any CPU.Build.0 = Release|Any CPU
	EndGlobalSection
	GlobalSection(SolutionProperties) = preSolution
		HideSolutionNode = FALSE
	EndGlobalSection
	GlobalSection(ExtensibilityGlobals) = postSolution
		SolutionGuid = {B27C3DBE-FF47-4411-8A36-E96E5F2A05AF}
	EndGlobalSection
EndGlobal
