
Microsoft Visual Studio Solution File, Format Version 12.00
# Visual Studio Version 16
VisualStudioVersion = 16.0.30309.148
MinimumVisualStudioVersion = 10.0.40219.1
Project("{FAE04EC0-301F-11D3-BF4B-00C04F79EFBC}") = "MembrosEstaticos", "MembrosEstaticos\MembrosEstaticos.csproj", "{7D2ACE8D-7346-4356-8EA8-388790E5784E}"
EndProject
Global
	GlobalSection(SolutionConfigurationPlatforms) = preSolution
		Debug|Any CPU = Debug|Any CPU
		Release|Any CPU = Release|Any CPU
	EndGlobalSection
	GlobalSection(ProjectConfigurationPlatforms) = postSolution
		{7D2ACE8D-7346-4356-8EA8-388790E5784E}.Debug|Any CPU.ActiveCfg = Debug|Any CPU
		{7D2ACE8D-7346-4356-8EA8-388790E5784E}.Debug|Any CPU.Build.0 = Debug|Any CPU
		{7D2ACE8D-7346-4356-8EA8-388790E5784E}.Release|Any CPU.ActiveCfg = Release|Any CPU
		{7D2ACE8D-7346-4356-8EA8-388790E5784E}.Release|Any CPU.Build.0 = Release|Any CPU
	EndGlobalSection
	GlobalSection(SolutionProperties) = preSolution
		HideSolutionNode = FALSE
	EndGlobalSection
	GlobalSection(ExtensibilityGlobals) = postSolution
		SolutionGuid = {017D72F5-044A-47F7-861B-6F1E94AAC109}
	EndGlobalSection
EndGlobal
